<?xml version="1.0" encoding="utf-8"?>
<Project ToolsVersion="4.0" xmlns="http://schemas.microsoft.com/developer/msbuild/2003">
  <ItemGroup>
    <Filter Include="Исходные файлы">
      <UniqueIdentifier>{4FC737F1-C7A5-4376-A066-2A32D752A2FF}</UniqueIdentifier>
      <Extensions>cpp;c;cc;cxx;c++;cppm;ixx;def;odl;idl;hpj;bat;asm;asmx</Extensions>
    </Filter>
    <Filter Include="Файлы заголовков">
      <UniqueIdentifier>{93995380-89BD-4b04-88EB-625FBE52EBFB}</UniqueIdentifier>
      <Extensions>h;hh;hpp;hxx;h++;hm;inl;inc;ipp;xsd</Extensions>
    </Filter>
    <Filter Include="Файлы ресурсов">
      <UniqueIdentifier>{67DA6AB6-F800-4c08-8B7A-83BB121AAD01}</UniqueIdentifier>
      <Extensions>rc;ico;cur;bmp;dlg;rc2;rct;bin;rgs;gif;jpg;jpeg;jpe;resx;tiff;tif;png;wav;mfcribbon-ms</Extensions>
    </Filter>
    <Filter Include="Исходные файлы\Core">
      <UniqueIdentifier>{4949995a-1d3d-446b-8852-f38eb8f2af12}</UniqueIdentifier>
    </Filter>
    <Filter Include="Исходные файлы\Game">
      <UniqueIdentifier>{c0d2d118-58cc-48a0-a8ae-a6b5a2527037}</UniqueIdentifier>
    </Filter>
    <Filter Include="Исходные файлы\Graphics">
      <UniqueIdentifier>{8dd1aba9-8cf3-4ae0-8249-920884e0b8d2}</UniqueIdentifier>
    </Filter>
    <Filter Include="Исходные файлы\Objects">
      <UniqueIdentifier>{54c488df-6514-4da6-a0d6-8a557f40f507}</UniqueIdentifier>
    </Filter>
    <Filter Include="Исходные файлы\UI">
      <UniqueIdentifier>{3b0a88e8-15dd-4ec9-aa4f-e268e89c86c0}</UniqueIdentifier>
    </Filter>
    <Filter Include="Исходные файлы\Utils">
      <UniqueIdentifier>{387e7824-1424-405c-9b9f-28a46566f216}</UniqueIdentifier>
    </Filter>
    <Filter Include="Файлы ресурсов\models">
      <UniqueIdentifier>{e13eb976-ddd6-465e-9fa9-d94d402ffb79}</UniqueIdentifier>
    </Filter>
  </ItemGroup>
  <ItemGroup>
    <ClCompile Include="main.cpp">
      <Filter>Исходные файлы</Filter>
    </ClCompile>
    <ClCompile Include="pch.cpp">
      <Filter>Исходные файлы</Filter>
    </ClCompile>
    <ClCompile Include="Graphics\Camera.cpp">
      <Filter>Исходные файлы\Graphics</Filter>
    </ClCompile>
    <ClCompile Include="Game\Game.cpp">
      <Filter>Исходные файлы\Game</Filter>
    </ClCompile>
    <ClCompile Include="Utils\MathUtils.cpp">
      <Filter>Исходные файлы\Utils</Filter>
    </ClCompile>
    <ClCompile Include="UI\MenuButton.cpp">
      <Filter>Исходные файлы\UI</Filter>
    </ClCompile>
    <ClCompile Include="Graphics\Model.cpp">
      <Filter>Исходные файлы\Graphics</Filter>
    </ClCompile>
    <ClCompile Include="Graphics\ShaderManager.cpp">
      <Filter>Исходные файлы\Graphics</Filter>
    </ClCompile>
    <ClCompile Include="UI\GameUI.cpp">
      <Filter>Исходные файлы\UI</Filter>
    </ClCompile>
    <ClCompile Include="Objects\GameObjects.cpp">
      <Filter>Исходные файлы\Objects</Filter>
    </ClCompile>
    <ClCompile Include="Graphics\GameRenderer.cpp">
      <Filter>Исходные файлы\Graphics</Filter>
    </ClCompile>
    <ClCompile Include="UI\NetworkManager.cpp">
      <Filter>Исходные файлы\UI</Filter>
    </ClCompile>
    <ClCompile Include="Objects\Bird.cpp">
      <Filter>Исходные файлы\Objects</Filter>
    </ClCompile>
    <ClCompile Include="Objects\Obstacle.cpp">
      <Filter>Исходные файлы\Objects</Filter>
    </ClCompile>
    <ClCompile Include="Objects\Sprite.cpp">
      <Filter>Исходные файлы\Objects</Filter>
    </ClCompile>
  </ItemGroup>
  <ItemGroup>
    <Text Include="struct.txt" />
  </ItemGroup>
  <ItemGroup>
    <ClInclude Include="Graphics\Camera.h">
      <Filter>Исходные файлы\Graphics</Filter>
    </ClInclude>
    <ClInclude Include="Core\Constants.h">
      <Filter>Исходные файлы\Core</Filter>
    </ClInclude>
    <ClInclude Include="Game\Game.h">
      <Filter>Исходные файлы\Game</Filter>
    </ClInclude>
    <ClInclude Include="Utils\MathUtils.h">
      <Filter>Исходные файлы\Utils</Filter>
    </ClInclude>
    <ClInclude Include="UI\MenuButton.h">
      <Filter>Исходные файлы\UI</Filter>
    </ClInclude>
    <ClInclude Include="Graphics\Model.h">
      <Filter>Исходные файлы\Graphics</Filter>
    </ClInclude>
    <ClInclude Include="Graphics\ShaderManager.h">
      <Filter>Исходные файлы\Graphics</Filter>
    </ClInclude>
    <ClInclude Include="Core\Types.h">
      <Filter>Исходные файлы\Core</Filter>
    </ClInclude>
    <ClInclude Include="pch.h">
      <Filter>Исходные файлы</Filter>
    </ClInclude>
    <ClInclude Include="UI\GameUI.h">
      <Filter>Исходные файлы\UI</Filter>
    </ClInclude>
    <ClInclude Include="Objects\GameObjects.h">
      <Filter>Исходные файлы\Objects</Filter>
    </ClInclude>
    <ClInclude Include="Graphics\GameRenderer.h">
      <Filter>Исходные файлы\Graphics</Filter>
    </ClInclude>
    <ClInclude Include="Core\GameConfig.h">
      <Filter>Исходные файлы\Core</Filter>
    </ClInclude>
    <ClInclude Include="UI\NetworkManager.h">
      <Filter>Исходные файлы\UI</Filter>
    </ClInclude>
    <ClInclude Include="Objects\Bird.h">
      <Filter>Исходные файлы\Objects</Filter>
    </ClInclude>
    <ClInclude Include="Objects\Obstacle.h">
      <Filter>Исходные файлы\Objects</Filter>
    </ClInclude>
    <ClInclude Include="Objects\Sprite.h">
      <Filter>Исходные файлы\Objects</Filter>
    </ClInclude>
    <ClInclude Include="Core\UITypes.h">
      <Filter>Исходные файлы\Core</Filter>
    </ClInclude>
  </ItemGroup>
  <ItemGroup>
    <None Include="text.vs" />
    <None Include="text.fs" />
  </ItemGroup>
  <ItemGroup>
    <Object Include="models\snake_body.obj">
      <Filter>Файлы ресурсов\models</Filter>
    </Object>
    <Object Include="models\snake_head.obj">
      <Filter>Файлы ресурсов\models</Filter>
    </Object>
    <Object Include="models\snake_tail.obj">
      <Filter>Файлы ресурсов\models</Filter>
    </Object>
  </ItemGroup>
</Project>